github.com/hastebrot/gomponents-lucide v0.1.0 h1:+ViQmBT9KOoEzi/PVUj8TY4ZEZqLl7jmd6SdlouqtkI=
github.com/hastebrot/gomponents-lucide v0.1.0/go.mod h1:SmNGxJ/CyVUu6RbKkVEaxtYBJXaXeasKq5Sq4ojF5c8=
github.com/maragudk/gomponents v0.20.1 h1:TeJY1fXEcfUvzmvjeUgxol42dvkYMggK1c0V67crWWs=
github.com/maragudk/gomponents v0.20.1/go.mod h1:nHkNnZL6ODgMBeJhrZjkMHVvNdoYsfmpKB2/hjdQ0Hg=
github.com/maragudk/gomponents-htmx v0.4.0 h1:v3KqmwsocmNkc2MnEpio857uYE3nf3N42EyuDc9A6z0=
github.com/maragudk/gomponents-htmx v0.4.0/go.mod h1:XgI7WE6ECWlyeVQ9Ix3R6aoKS4HtCSYtuQ4iH27GVDE=
